// !$*UTF8*$!
{
	archiveVersion = 1;
	classes = {
	};
	objectVersion = 50;
	objects = {

/* Begin PBXBuildFile section */
		A27D7B1223AB5E15002BA9E4 /* AppDelegate.swift in Sources */ = {isa = PBXBuildFile; fileRef = A27D7B1123AB5E15002BA9E4 /* AppDelegate.swift */; };
		A27D7B1423AB5E15002BA9E4 /* SceneDelegate.swift in Sources */ = {isa = PBXBuildFile; fileRef = A27D7B1323AB5E15002BA9E4 /* SceneDelegate.swift */; };
		A27D7B1623AB5E15002BA9E4 /* ViewController.swift in Sources */ = {isa = PBXBuildFile; fileRef = A27D7B1523AB5E15002BA9E4 /* ViewController.swift */; };
		A27D7B1923AB5E15002BA9E4 /* Main.storyboard in Resources */ = {isa = PBXBuildFile; fileRef = A27D7B1723AB5E15002BA9E4 /* Main.storyboard */; };
		A27D7B1B23AB5E25002BA9E4 /* Assets.xcassets in Resources */ = {isa = PBXBuildFile; fileRef = A27D7B1A23AB5E25002BA9E4 /* Assets.xcassets */; };
		A27D7B1E23AB5E25002BA9E4 /* LaunchScreen.storyboard in Resources */ = {isa = PBXBuildFile; fileRef = A27D7B1C23AB5E25002BA9E4 /* LaunchScreen.storyboard */; };
		A27D7B2923AB5E26002BA9E4 /* FirstSwiftProjectTests.swift in Sources */ = {isa = PBXBuildFile; fileRef = A27D7B2823AB5E26002BA9E4 /* FirstSwiftProjectTests.swift */; };
		A27D7B3423AB5E26002BA9E4 /* FirstSwiftProjectUITests.swift in Sources */ = {isa = PBXBuildFile; fileRef = A27D7B3323AB5E26002BA9E4 /* FirstSwiftProjectUITests.swift */; };
		A27D7B4823AB5F41002BA9E4 /* BaseViewController.swift in Sources */ = {isa = PBXBuildFile; fileRef = A27D7B4223AB5F41002BA9E4 /* BaseViewController.swift */; };
		A27D7B4923AB5F41002BA9E4 /* Item.swift in Sources */ = {isa = PBXBuildFile; fileRef = A27D7B4323AB5F41002BA9E4 /* Item.swift */; };
		A27D7B4A23AB5F41002BA9E4 /* HomeViewController.swift in Sources */ = {isa = PBXBuildFile; fileRef = A27D7B4423AB5F41002BA9E4 /* HomeViewController.swift */; };
		A27D7B4B23AB5F41002BA9E4 /* RootTabBarController.swift in Sources */ = {isa = PBXBuildFile; fileRef = A27D7B4523AB5F41002BA9E4 /* RootTabBarController.swift */; };
		A27D7B4C23AB5F41002BA9E4 /* MineViewController.swift in Sources */ = {isa = PBXBuildFile; fileRef = A27D7B4623AB5F41002BA9E4 /* MineViewController.swift */; };
		A27D7B4D23AB5F41002BA9E4 /* BaseNavigationController.swift in Sources */ = {isa = PBXBuildFile; fileRef = A27D7B4723AB5F41002BA9E4 /* BaseNavigationController.swift */; };
		A27D7B4F23AB72D7002BA9E4 /* User.swift in Sources */ = {isa = PBXBuildFile; fileRef = A27D7B4E23AB72D7002BA9E4 /* User.swift */; };
		A27D7B5323AB8084002BA9E4 /* RootTabBar.swift in Sources */ = {isa = PBXBuildFile; fileRef = A27D7B5223AB8084002BA9E4 /* RootTabBar.swift */; };
		A27D7B5723AB82A7002BA9E4 /* Person.m in Sources */ = {isa = PBXBuildFile; fileRef = A27D7B5623AB82A7002BA9E4 /* Person.m */; };
		BFAD9FAD724FF94B56589001 /* Pods_FirstSwiftProject.framework in Frameworks */ = {isa = PBXBuildFile; fileRef = 9A1B8985FAA5C9CFAF314727 /* Pods_FirstSwiftProject.framework */; };
/* End PBXBuildFile section */

/* Begin PBXContainerItemProxy section */
		A27D7B2523AB5E26002BA9E4 /* PBXContainerItemProxy */ = {
			isa = PBXContainerItemProxy;
			containerPortal = A27D7B0623AB5E15002BA9E4 /* Project object */;
			proxyType = 1;
			remoteGlobalIDString = A27D7B0D23AB5E15002BA9E4;
			remoteInfo = FirstSwiftProject;
		};
		A27D7B3023AB5E26002BA9E4 /* PBXContainerItemProxy */ = {
			isa = PBXContainerItemProxy;
			containerPortal = A27D7B0623AB5E15002BA9E4 /* Project object */;
			proxyType = 1;
			remoteGlobalIDString = A27D7B0D23AB5E15002BA9E4;
			remoteInfo = FirstSwiftProject;
		};
/* End PBXContainerItemProxy section */

/* Begin PBXFileReference section */
		394A231F5A5C416FB4653611 /* Pods-FirstSwiftProject.debug.xcconfig */ = {isa = PBXFileReference; includeInIndex = 1; lastKnownFileType = text.xcconfig; name = "Pods-FirstSwiftProject.debug.xcconfig"; path = "Target Support Files/Pods-FirstSwiftProject/Pods-FirstSwiftProject.debug.xcconfig"; sourceTree = "<group>"; };
		3E42224E24A4626FD90E5562 /* Pods-FirstSwiftProject.release.xcconfig */ = {isa = PBXFileReference; includeInIndex = 1; lastKnownFileType = text.xcconfig; name = "Pods-FirstSwiftProject.release.xcconfig"; path = "Target Support Files/Pods-FirstSwiftProject/Pods-FirstSwiftProject.release.xcconfig"; sourceTree = "<group>"; };
		9A1B8985FAA5C9CFAF314727 /* Pods_FirstSwiftProject.framework */ = {isa = PBXFileReference; explicitFileType = wrapper.framework; includeInIndex = 0; path = Pods_FirstSwiftProject.framework; sourceTree = BUILT_PRODUCTS_DIR; };
		A27D7B0E23AB5E15002BA9E4 /* FirstSwiftProject.app */ = {isa = PBXFileReference; explicitFileType = wrapper.application; includeInIndex = 0; path = FirstSwiftProject.app; sourceTree = BUILT_PRODUCTS_DIR; };
		A27D7B1123AB5E15002BA9E4 /* AppDelegate.swift */ = {isa = PBXFileReference; lastKnownFileType = sourcecode.swift; path = AppDelegate.swift; sourceTree = "<group>"; };
		A27D7B1323AB5E15002BA9E4 /* SceneDelegate.swift */ = {isa = PBXFileReference; lastKnownFileType = sourcecode.swift; path = SceneDelegate.swift; sourceTree = "<group>"; };
		A27D7B1523AB5E15002BA9E4 /* ViewController.swift */ = {isa = PBXFileReference; lastKnownFileType = sourcecode.swift; path = ViewController.swift; sourceTree = "<group>"; };
		A27D7B1823AB5E15002BA9E4 /* Base */ = {isa = PBXFileReference; lastKnownFileType = file.storyboard; name = Base; path = Base.lproj/Main.storyboard; sourceTree = "<group>"; };
		A27D7B1A23AB5E25002BA9E4 /* Assets.xcassets */ = {isa = PBXFileReference; lastKnownFileType = folder.assetcatalog; path = Assets.xcassets; sourceTree = "<group>"; };
		A27D7B1D23AB5E25002BA9E4 /* Base */ = {isa = PBXFileReference; lastKnownFileType = file.storyboard; name = Base; path = Base.lproj/LaunchScreen.storyboard; sourceTree = "<group>"; };
		A27D7B1F23AB5E25002BA9E4 /* Info.plist */ = {isa = PBXFileReference; lastKnownFileType = text.plist.xml; path = Info.plist; sourceTree = "<group>"; };
		A27D7B2423AB5E26002BA9E4 /* FirstSwiftProjectTests.xctest */ = {isa = PBXFileReference; explicitFileType = wrapper.cfbundle; includeInIndex = 0; path = FirstSwiftProjectTests.xctest; sourceTree = BUILT_PRODUCTS_DIR; };
		A27D7B2823AB5E26002BA9E4 /* FirstSwiftProjectTests.swift */ = {isa = PBXFileReference; lastKnownFileType = sourcecode.swift; path = FirstSwiftProjectTests.swift; sourceTree = "<group>"; };
		A27D7B2A23AB5E26002BA9E4 /* Info.plist */ = {isa = PBXFileReference; lastKnownFileType = text.plist.xml; path = Info.plist; sourceTree = "<group>"; };
		A27D7B2F23AB5E26002BA9E4 /* FirstSwiftProjectUITests.xctest */ = {isa = PBXFileReference; explicitFileType = wrapper.cfbundle; includeInIndex = 0; path = FirstSwiftProjectUITests.xctest; sourceTree = BUILT_PRODUCTS_DIR; };
		A27D7B3323AB5E26002BA9E4 /* FirstSwiftProjectUITests.swift */ = {isa = PBXFileReference; lastKnownFileType = sourcecode.swift; path = FirstSwiftProjectUITests.swift; sourceTree = "<group>"; };
		A27D7B3523AB5E26002BA9E4 /* Info.plist */ = {isa = PBXFileReference; lastKnownFileType = text.plist.xml; path = Info.plist; sourceTree = "<group>"; };
		A27D7B4223AB5F41002BA9E4 /* BaseViewController.swift */ = {isa = PBXFileReference; fileEncoding = 4; lastKnownFileType = sourcecode.swift; path = BaseViewController.swift; sourceTree = "<group>"; };
		A27D7B4323AB5F41002BA9E4 /* Item.swift */ = {isa = PBXFileReference; fileEncoding = 4; lastKnownFileType = sourcecode.swift; path = Item.swift; sourceTree = "<group>"; };
		A27D7B4423AB5F41002BA9E4 /* HomeViewController.swift */ = {isa = PBXFileReference; fileEncoding = 4; lastKnownFileType = sourcecode.swift; path = HomeViewController.swift; sourceTree = "<group>"; };
		A27D7B4523AB5F41002BA9E4 /* RootTabBarController.swift */ = {isa = PBXFileReference; fileEncoding = 4; lastKnownFileType = sourcecode.swift; path = RootTabBarController.swift; sourceTree = "<group>"; };
		A27D7B4623AB5F41002BA9E4 /* MineViewController.swift */ = {isa = PBXFileReference; fileEncoding = 4; lastKnownFileType = sourcecode.swift; path = MineViewController.swift; sourceTree = "<group>"; };
		A27D7B4723AB5F41002BA9E4 /* BaseNavigationController.swift */ = {isa = PBXFileReference; fileEncoding = 4; lastKnownFileType = sourcecode.swift; path = BaseNavigationController.swift; sourceTree = "<group>"; };
		A27D7B4E23AB72D7002BA9E4 /* User.swift */ = {isa = PBXFileReference; lastKnownFileType = sourcecode.swift; path = User.swift; sourceTree = "<group>"; };
		A27D7B5223AB8084002BA9E4 /* RootTabBar.swift */ = {isa = PBXFileReference; lastKnownFileType = sourcecode.swift; path = RootTabBar.swift; sourceTree = "<group>"; };
		A27D7B5423AB82A7002BA9E4 /* FirstSwiftProject-Bridging-Header.h */ = {isa = PBXFileReference; lastKnownFileType = sourcecode.c.h; path = "FirstSwiftProject-Bridging-Header.h"; sourceTree = "<group>"; };
		A27D7B5523AB82A7002BA9E4 /* Person.h */ = {isa = PBXFileReference; lastKnownFileType = sourcecode.c.h; path = Person.h; sourceTree = "<group>"; };
		A27D7B5623AB82A7002BA9E4 /* Person.m */ = {isa = PBXFileReference; lastKnownFileType = sourcecode.c.objc; path = Person.m; sourceTree = "<group>"; };
/* End PBXFileReference section */

/* Begin PBXFrameworksBuildPhase section */
		A27D7B0B23AB5E15002BA9E4 /* Frameworks */ = {
			isa = PBXFrameworksBuildPhase;
			buildActionMask = 2147483647;
			files = (
				BFAD9FAD724FF94B56589001 /* Pods_FirstSwiftProject.framework in Frameworks */,
			);
			runOnlyForDeploymentPostprocessing = 0;
		};
		A27D7B2123AB5E26002BA9E4 /* Frameworks */ = {
			isa = PBXFrameworksBuildPhase;
			buildActionMask = 2147483647;
			files = (
			);
			runOnlyForDeploymentPostprocessing = 0;
		};
		A27D7B2C23AB5E26002BA9E4 /* Frameworks */ = {
			isa = PBXFrameworksBuildPhase;
			buildActionMask = 2147483647;
			files = (
			);
			runOnlyForDeploymentPostprocessing = 0;
		};
/* End PBXFrameworksBuildPhase section */

/* Begin PBXGroup section */
		071218E9A1A93813EF24A2E8 /* Pods */ = {
			isa = PBXGroup;
			children = (
				394A231F5A5C416FB4653611 /* Pods-FirstSwiftProject.debug.xcconfig */,
				3E42224E24A4626FD90E5562 /* Pods-FirstSwiftProject.release.xcconfig */,
			);
			path = Pods;
			sourceTree = "<group>";
		};
		288EE0B5F24BC508FC6719E7 /* Frameworks */ = {
			isa = PBXGroup;
			children = (
				9A1B8985FAA5C9CFAF314727 /* Pods_FirstSwiftProject.framework */,
			);
			name = Frameworks;
			sourceTree = "<group>";
		};
		A27D7B0523AB5E15002BA9E4 = {
			isa = PBXGroup;
			children = (
				A27D7B1023AB5E15002BA9E4 /* FirstSwiftProject */,
				A27D7B2723AB5E26002BA9E4 /* FirstSwiftProjectTests */,
				A27D7B3223AB5E26002BA9E4 /* FirstSwiftProjectUITests */,
				A27D7B0F23AB5E15002BA9E4 /* Products */,
				071218E9A1A93813EF24A2E8 /* Pods */,
				288EE0B5F24BC508FC6719E7 /* Frameworks */,
			);
			sourceTree = "<group>";
		};
		A27D7B0F23AB5E15002BA9E4 /* Products */ = {
			isa = PBXGroup;
			children = (
				A27D7B0E23AB5E15002BA9E4 /* FirstSwiftProject.app */,
				A27D7B2423AB5E26002BA9E4 /* FirstSwiftProjectTests.xctest */,
				A27D7B2F23AB5E26002BA9E4 /* FirstSwiftProjectUITests.xctest */,
			);
			name = Products;
			sourceTree = "<group>";
		};
		A27D7B1023AB5E15002BA9E4 /* FirstSwiftProject */ = {
			isa = PBXGroup;
			children = (
				A27D7B4123AB5F41002BA9E4 /* class */,
				A27D7B1123AB5E15002BA9E4 /* AppDelegate.swift */,
				A27D7B1323AB5E15002BA9E4 /* SceneDelegate.swift */,
				A27D7B1523AB5E15002BA9E4 /* ViewController.swift */,
				A27D7B5523AB82A7002BA9E4 /* Person.h */,
				A27D7B5623AB82A7002BA9E4 /* Person.m */,
				A27D7B1723AB5E15002BA9E4 /* Main.storyboard */,
				A27D7B1A23AB5E25002BA9E4 /* Assets.xcassets */,
				A27D7B1C23AB5E25002BA9E4 /* LaunchScreen.storyboard */,
				A27D7B1F23AB5E25002BA9E4 /* Info.plist */,
				A27D7B5423AB82A7002BA9E4 /* FirstSwiftProject-Bridging-Header.h */,
			);
			path = FirstSwiftProject;
			sourceTree = "<group>";
		};
		A27D7B2723AB5E26002BA9E4 /* FirstSwiftProjectTests */ = {
			isa = PBXGroup;
			children = (
				A27D7B2823AB5E26002BA9E4 /* FirstSwiftProjectTests.swift */,
				A27D7B2A23AB5E26002BA9E4 /* Info.plist */,
			);
			path = FirstSwiftProjectTests;
			sourceTree = "<group>";
		};
		A27D7B3223AB5E26002BA9E4 /* FirstSwiftProjectUITests */ = {
			isa = PBXGroup;
			children = (
				A27D7B3323AB5E26002BA9E4 /* FirstSwiftProjectUITests.swift */,
				A27D7B3523AB5E26002BA9E4 /* Info.plist */,
			);
			path = FirstSwiftProjectUITests;
			sourceTree = "<group>";
		};
		A27D7B4123AB5F41002BA9E4 /* class */ = {
			isa = PBXGroup;
			children = (
				A27D7B4223AB5F41002BA9E4 /* BaseViewController.swift */,
				A27D7B4523AB5F41002BA9E4 /* RootTabBarController.swift */,
				A27D7B5223AB8084002BA9E4 /* RootTabBar.swift */,
				A27D7B4723AB5F41002BA9E4 /* BaseNavigationController.swift */,
				A27D7B4423AB5F41002BA9E4 /* HomeViewController.swift */,
				A27D7B4623AB5F41002BA9E4 /* MineViewController.swift */,
				A27D7B4323AB5F41002BA9E4 /* Item.swift */,
				A27D7B4E23AB72D7002BA9E4 /* User.swift */,
			);
			path = class;
			sourceTree = "<group>";
		};
/* End PBXGroup section */

/* Begin PBXNativeTarget section */
		A27D7B0D23AB5E15002BA9E4 /* FirstSwiftProject */ = {
			isa = PBXNativeTarget;
			buildConfigurationList = A27D7B3823AB5E26002BA9E4 /* Build configuration list for PBXNativeTarget "FirstSwiftProject" */;
			buildPhases = (
				9E1D67FD44C8F27063FF9DCD /* [CP] Check Pods Manifest.lock */,
				A27D7B0A23AB5E15002BA9E4 /* Sources */,
				A27D7B0B23AB5E15002BA9E4 /* Frameworks */,
				A27D7B0C23AB5E15002BA9E4 /* Resources */,
				771D365738BCB5363ADB4251 /* [CP] Embed Pods Frameworks */,
			);
			buildRules = (
			);
			dependencies = (
			);
			name = FirstSwiftProject;
			productName = FirstSwiftProject;
			productReference = A27D7B0E23AB5E15002BA9E4 /* FirstSwiftProject.app */;
			productType = "com.apple.product-type.application";
		};
		A27D7B2323AB5E26002BA9E4 /* FirstSwiftProjectTests */ = {
			isa = PBXNativeTarget;
			buildConfigurationList = A27D7B3B23AB5E26002BA9E4 /* Build configuration list for PBXNativeTarget "FirstSwiftProjectTests" */;
			buildPhases = (
				A27D7B2023AB5E26002BA9E4 /* Sources */,
				A27D7B2123AB5E26002BA9E4 /* Frameworks */,
				A27D7B2223AB5E26002BA9E4 /* Resources */,
			);
			buildRules = (
			);
			dependencies = (
				A27D7B2623AB5E26002BA9E4 /* PBXTargetDependency */,
			);
			name = FirstSwiftProjectTests;
			productName = FirstSwiftProjectTests;
			productReference = A27D7B2423AB5E26002BA9E4 /* FirstSwiftProjectTests.xctest */;
			productType = "com.apple.product-type.bundle.unit-test";
		};
		A27D7B2E23AB5E26002BA9E4 /* FirstSwiftProjectUITests */ = {
			isa = PBXNativeTarget;
			buildConfigurationList = A27D7B3E23AB5E26002BA9E4 /* Build configuration list for PBXNativeTarget "FirstSwiftProjectUITests" */;
			buildPhases = (
				A27D7B2B23AB5E26002BA9E4 /* Sources */,
				A27D7B2C23AB5E26002BA9E4 /* Frameworks */,
				A27D7B2D23AB5E26002BA9E4 /* Resources */,
			);
			buildRules = (
			);
			dependencies = (
				A27D7B3123AB5E26002BA9E4 /* PBXTargetDependency */,
			);
			name = FirstSwiftProjectUITests;
			productName = FirstSwiftProjectUITests;
			productReference = A27D7B2F23AB5E26002BA9E4 /* FirstSwiftProjectUITests.xctest */;
			productType = "com.apple.product-type.bundle.ui-testing";
		};
/* End PBXNativeTarget section */

/* Begin PBXProject section */
		A27D7B0623AB5E15002BA9E4 /* Project object */ = {
			isa = PBXProject;
			attributes = {
				LastSwiftUpdateCheck = 1120;
				LastUpgradeCheck = 1120;
				ORGANIZATIONNAME = LS;
				TargetAttributes = {
					A27D7B0D23AB5E15002BA9E4 = {
						CreatedOnToolsVersion = 11.2.1;
						LastSwiftMigration = 1120;
					};
					A27D7B2323AB5E26002BA9E4 = {
						CreatedOnToolsVersion = 11.2.1;
						TestTargetID = A27D7B0D23AB5E15002BA9E4;
					};
					A27D7B2E23AB5E26002BA9E4 = {
						CreatedOnToolsVersion = 11.2.1;
						TestTargetID = A27D7B0D23AB5E15002BA9E4;
					};
				};
			};
			buildConfigurationList = A27D7B0923AB5E15002BA9E4 /* Build configuration list for PBXProject "FirstSwiftProject" */;
			compatibilityVersion = "Xcode 9.3";
			developmentRegion = en;
			hasScannedForEncodings = 0;
			knownRegions = (
				en,
				Base,
			);
			mainGroup = A27D7B0523AB5E15002BA9E4;
			productRefGroup = A27D7B0F23AB5E15002BA9E4 /* Products */;
			projectDirPath = "";
			projectRoot = "";
			targets = (
				A27D7B0D23AB5E15002BA9E4 /* FirstSwiftProject */,
				A27D7B2323AB5E26002BA9E4 /* FirstSwiftProjectTests */,
				A27D7B2E23AB5E26002BA9E4 /* FirstSwiftProjectUITests */,
			);
		};
/* End PBXProject section */

/* Begin PBXResourcesBuildPhase section */
		A27D7B0C23AB5E15002BA9E4 /* Resources */ = {
			isa = PBXResourcesBuildPhase;
			buildActionMask = 2147483647;
			files = (
				A27D7B1E23AB5E25002BA9E4 /* LaunchScreen.storyboard in Resources */,
				A27D7B1B23AB5E25002BA9E4 /* Assets.xcassets in Resources */,
				A27D7B1923AB5E15002BA9E4 /* Main.storyboard in Resources */,
			);
			runOnlyForDeploymentPostprocessing = 0;
		};
		A27D7B2223AB5E26002BA9E4 /* Resources */ = {
			isa = PBXResourcesBuildPhase;
			buildActionMask = 2147483647;
			files = (
			);
			runOnlyForDeploymentPostprocessing = 0;
		};
		A27D7B2D23AB5E26002BA9E4 /* Resources */ = {
			isa = PBXResourcesBuildPhase;
			buildActionMask = 2147483647;
			files = (
			);
			runOnlyForDeploymentPostprocessing = 0;
		};
/* End PBXResourcesBuildPhase section */

/* Begin PBXShellScriptBuildPhase section */
		771D365738BCB5363ADB4251 /* [CP] Embed Pods Frameworks */ = {
			isa = PBXShellScriptBuildPhase;
			buildActionMask = 2147483647;
			files = (
			);
			inputFileListPaths = (
			);
			inputPaths = (
				"${PODS_ROOT}/Target Support Files/Pods-FirstSwiftProject/Pods-FirstSwiftProject-frameworks.sh",
				"${BUILT_PRODUCTS_DIR}/Alamofire/Alamofire.framework",
				"${BUILT_PRODUCTS_DIR}/KakaJSON/KakaJSON.framework",
				"${BUILT_PRODUCTS_DIR}/Kingfisher/Kingfisher.framework",
				"${BUILT_PRODUCTS_DIR}/MJRefresh/MJRefresh.framework",
				"${BUILT_PRODUCTS_DIR}/SnapKit/SnapKit.framework",
				"${BUILT_PRODUCTS_DIR}/SwiftyJSON/SwiftyJSON.framework",
			);
			name = "[CP] Embed Pods Frameworks";
			outputFileListPaths = (
			);
			outputPaths = (
				"${TARGET_BUILD_DIR}/${FRAMEWORKS_FOLDER_PATH}/Alamofire.framework",
				"${TARGET_BUILD_DIR}/${FRAMEWORKS_FOLDER_PATH}/KakaJSON.framework",
				"${TARGET_BUILD_DIR}/${FRAMEWORKS_FOLDER_PATH}/Kingfisher.framework",
				"${TARGET_BUILD_DIR}/${FRAMEWORKS_FOLDER_PATH}/MJRefresh.framework",
				"${TARGET_BUILD_DIR}/${FRAMEWORKS_FOLDER_PATH}/SnapKit.framework",
				"${TARGET_BUILD_DIR}/${FRAMEWORKS_FOLDER_PATH}/SwiftyJSON.framework",
			);
			runOnlyForDeploymentPostprocessing = 0;
			shellPath = /bin/sh;
			shellScript = "\"${PODS_ROOT}/Target Support Files/Pods-FirstSwiftProject/Pods-FirstSwiftProject-frameworks.sh\"\n";
			showEnvVarsInLog = 0;
		};
		9E1D67FD44C8F27063FF9DCD /* [CP] Check Pods Manifest.lock */ = {
			isa = PBXShellScriptBuildPhase;
			buildActionMask = 2147483647;
			files = (
			);
			inputFileListPaths = (
			);
			inputPaths = (
				"${PODS_PODFILE_DIR_PATH}/Podfile.lock",
				"${PODS_ROOT}/Manifest.lock",
			);
			name = "[CP] Check Pods Manifest.lock";
			outputFileListPaths = (
			);
			outputPaths = (
				"$(DERIVED_FILE_DIR)/Pods-FirstSwiftProject-checkManifestLockResult.txt",
			);
			runOnlyForDeploymentPostprocessing = 0;
			shellPath = /bin/sh;
			shellScript = "diff \"${PODS_PODFILE_DIR_PATH}/Podfile.lock\" \"${PODS_ROOT}/Manifest.lock\" > /dev/null\nif [ $? != 0 ] ; then\n    # print error to STDERR\n    echo \"error: The sandbox is not in sync with the Podfile.lock. Run 'pod install' or update your CocoaPods installation.\" >&2\n    exit 1\nfi\n# This output is used by Xcode 'outputs' to avoid re-running this script phase.\necho \"SUCCESS\" > \"${SCRIPT_OUTPUT_FILE_0}\"\n";
			showEnvVarsInLog = 0;
		};
/* End PBXShellScriptBuildPhase section */

/* Begin PBXSourcesBuildPhase section */
		A27D7B0A23AB5E15002BA9E4 /* Sources */ = {
			isa = PBXSourcesBuildPhase;
			buildActionMask = 2147483647;
			files = (
				A27D7B4923AB5F41002BA9E4 /* Item.swift in Sources */,
				A27D7B4B23AB5F41002BA9E4 /* RootTabBarController.swift in Sources */,
				A27D7B1623AB5E15002BA9E4 /* ViewController.swift in Sources */,
				A27D7B5323AB8084002BA9E4 /* RootTabBar.swift in Sources */,
				A27D7B4C23AB5F41002BA9E4 /* MineViewController.swift in Sources */,
				A27D7B4823AB5F41002BA9E4 /* BaseViewController.swift in Sources */,
				A27D7B5723AB82A7002BA9E4 /* Person.m in Sources */,
				A27D7B4D23AB5F41002BA9E4 /* BaseNavigationController.swift in Sources */,
				A27D7B1223AB5E15002BA9E4 /* AppDelegate.swift in Sources */,
				A27D7B1423AB5E15002BA9E4 /* SceneDelegate.swift in Sources */,
				A27D7B4F23AB72D7002BA9E4 /* User.swift in Sources */,
				A27D7B4A23AB5F41002BA9E4 /* HomeViewController.swift in Sources */,
			);
			runOnlyForDeploymentPostprocessing = 0;
		};
		A27D7B2023AB5E26002BA9E4 /* Sources */ = {
			isa = PBXSourcesBuildPhase;
			buildActionMask = 2147483647;
			files = (
				A27D7B2923AB5E26002BA9E4 /* FirstSwiftProjectTests.swift in Sources */,
			);
			runOnlyForDeploymentPostprocessing = 0;
		};
		A27D7B2B23AB5E26002BA9E4 /* Sources */ = {
			isa = PBXSourcesBuildPhase;
			buildActionMask = 2147483647;
			files = (
				A27D7B3423AB5E26002BA9E4 /* FirstSwiftProjectUITests.swift in Sources */,
			);
			runOnlyForDeploymentPostprocessing = 0;
		};
/* End PBXSourcesBuildPhase section */

/* Begin PBXTargetDependency section */
		A27D7B2623AB5E26002BA9E4 /* PBXTargetDependency */ = {
			isa = PBXTargetDependency;
			target = A27D7B0D23AB5E15002BA9E4 /* FirstSwiftProject */;
			targetProxy = A27D7B2523AB5E26002BA9E4 /* PBXContainerItemProxy */;
		};
		A27D7B3123AB5E26002BA9E4 /* PBXTargetDependency */ = {
			isa = PBXTargetDependency;
			target = A27D7B0D23AB5E15002BA9E4 /* FirstSwiftProject */;
			targetProxy = A27D7B3023AB5E26002BA9E4 /* PBXContainerItemProxy */;
		};
/* End PBXTargetDependency section */

/* Begin PBXVariantGroup section */
		A27D7B1723AB5E15002BA9E4 /* Main.storyboard */ = {
			isa = PBXVariantGroup;
			children = (
				A27D7B1823AB5E15002BA9E4 /* Base */,
			);
			name = Main.storyboard;
			sourceTree = "<group>";
		};
		A27D7B1C23AB5E25002BA9E4 /* LaunchScreen.storyboard */ = {
			isa = PBXVariantGroup;
			children = (
				A27D7B1D23AB5E25002BA9E4 /* Base */,
			);
			name = LaunchScreen.storyboard;
			sourceTree = "<group>";
		};
/* End PBXVariantGroup section */

/* Begin XCBuildConfiguration section */
		A27D7B3623AB5E26002BA9E4 /* Debug */ = {
			isa = XCBuildConfiguration;
			buildSettings = {
				ALWAYS_SEARCH_USER_PATHS = NO;
				CLANG_ANALYZER_NONNULL = YES;
				CLANG_ANALYZER_NUMBER_OBJECT_CONVERSION = YES_AGGRESSIVE;
				CLANG_CXX_LANGUAGE_STANDARD = "gnu++14";
				CLANG_CXX_LIBRARY = "libc++";
				CLANG_ENABLE_MODULES = YES;
				CLANG_ENABLE_OBJC_ARC = YES;
				CLANG_ENABLE_OBJC_WEAK = YES;
				CLANG_WARN_BLOCK_CAPTURE_AUTORELEASING = YES;
				CLANG_WARN_BOOL_CONVERSION = YES;
				CLANG_WARN_COMMA = YES;
				CLANG_WARN_CONSTANT_CONVERSION = YES;
				CLANG_WARN_DEPRECATED_OBJC_IMPLEMENTATIONS = YES;
				CLANG_WARN_DIRECT_OBJC_ISA_USAGE = YES_ERROR;
				CLANG_WARN_DOCUMENTATION_COMMENTS = YES;
				CLANG_WARN_EMPTY_BODY = YES;
				CLANG_WARN_ENUM_CONVERSION = YES;
				CLANG_WARN_INFINITE_RECURSION = YES;
				CLANG_WARN_INT_CONVERSION = YES;
				CLANG_WARN_NON_LITERAL_NULL_CONVERSION = YES;
				CLANG_WARN_OBJC_IMPLICIT_RETAIN_SELF = YES;
				CLANG_WARN_OBJC_LITERAL_CONVERSION = YES;
				CLANG_WARN_OBJC_ROOT_CLASS = YES_ERROR;
				CLANG_WARN_RANGE_LOOP_ANALYSIS = YES;
				CLANG_WARN_STRICT_PROTOTYPES = YES;
				CLANG_WARN_SUSPICIOUS_MOVE = YES;
				CLANG_WARN_UNGUARDED_AVAILABILITY = YES_AGGRESSIVE;
				CLANG_WARN_UNREACHABLE_CODE = YES;
				CLANG_WARN__DUPLICATE_METHOD_MATCH = YES;
				COPY_PHASE_STRIP = NO;
				DEBUG_INFORMATION_FORMAT = dwarf;
				ENABLE_STRICT_OBJC_MSGSEND = YES;
				ENABLE_TESTABILITY = YES;
				GCC_C_LANGUAGE_STANDARD = gnu11;
				GCC_DYNAMIC_NO_PIC = NO;
				GCC_NO_COMMON_BLOCKS = YES;
				GCC_OPTIMIZATION_LEVEL = 0;
				GCC_PREPROCESSOR_DEFINITIONS = (
					"DEBUG=1",
					"$(inherited)",
				);
				GCC_WARN_64_TO_32_BIT_CONVERSION = YES;
				GCC_WARN_ABOUT_RETURN_TYPE = YES_ERROR;
				GCC_WARN_UNDECLARED_SELECTOR = YES;
				GCC_WARN_UNINITIALIZED_AUTOS = YES_AGGRESSIVE;
				GCC_WARN_UNUSED_FUNCTION = YES;
				GCC_WARN_UNUSED_VARIABLE = YES;
				IPHONEOS_DEPLOYMENT_TARGET = 13.2;
				MTL_ENABLE_DEBUG_INFO = INCLUDE_SOURCE;
				MTL_FAST_MATH = YES;
				ONLY_ACTIVE_ARCH = YES;
				SDKROOT = iphoneos;
				SWIFT_ACTIVE_COMPILATION_CONDITIONS = DEBUG;
				SWIFT_OPTIMIZATION_LEVEL = "-Onone";
			};
			name = Debug;
		};
		A27D7B3723AB5E26002BA9E4 /* Release */ = {
			isa = XCBuildConfiguration;
			buildSettings = {
				ALWAYS_SEARCH_USER_PATHS = NO;
				CLANG_ANALYZER_NONNULL = YES;
				CLANG_ANALYZER_NUMBER_OBJECT_CONVERSION = YES_AGGRESSIVE;
				CLANG_CXX_LANGUAGE_STANDARD = "gnu++14";
				CLANG_CXX_LIBRARY = "libc++";
				CLANG_ENABLE_MODULES = YES;
				CLANG_ENABLE_OBJC_ARC = YES;
				CLANG_ENABLE_OBJC_WEAK = YES;
				CLANG_WARN_BLOCK_CAPTURE_AUTORELEASING = YES;
				CLANG_WARN_BOOL_CONVERSION = YES;
				CLANG_WARN_COMMA = YES;
				CLANG_WARN_CONSTANT_CONVERSION = YES;
				CLANG_WARN_DEPRECATED_OBJC_IMPLEMENTATIONS = YES;
				CLANG_WARN_DIRECT_OBJC_ISA_USAGE = YES_ERROR;
				CLANG_WARN_DOCUMENTATION_COMMENTS = YES;
				CLANG_WARN_EMPTY_BODY = YES;
				CLANG_WARN_ENUM_CONVERSION = YES;
				CLANG_WARN_INFINITE_RECURSION = YES;
				CLANG_WARN_INT_CONVERSION = YES;
				CLANG_WARN_NON_LITERAL_NULL_CONVERSION = YES;
				CLANG_WARN_OBJC_IMPLICIT_RETAIN_SELF = YES;
				CLANG_WARN_OBJC_LITERAL_CONVERSION = YES;
				CLANG_WARN_OBJC_ROOT_CLASS = YES_ERROR;
				CLANG_WARN_RANGE_LOOP_ANALYSIS = YES;
				CLANG_WARN_STRICT_PROTOTYPES = YES;
				CLANG_WARN_SUSPICIOUS_MOVE = YES;
				CLANG_WARN_UNGUARDED_AVAILABILITY = YES_AGGRESSIVE;
				CLANG_WARN_UNREACHABLE_CODE = YES;
				CLANG_WARN__DUPLICATE_METHOD_MATCH = YES;
				COPY_PHASE_STRIP = NO;
				DEBUG_INFORMATION_FORMAT = "dwarf-with-dsym";
				ENABLE_NS_ASSERTIONS = NO;
				ENABLE_STRICT_OBJC_MSGSEND = YES;
				GCC_C_LANGUAGE_STANDARD = gnu11;
				GCC_NO_COMMON_BLOCKS = YES;
				GCC_WARN_64_TO_32_BIT_CONVERSION = YES;
				GCC_WARN_ABOUT_RETURN_TYPE = YES_ERROR;
				GCC_WARN_UNDECLARED_SELECTOR = YES;
				GCC_WARN_UNINITIALIZED_AUTOS = YES_AGGRESSIVE;
				GCC_WARN_UNUSED_FUNCTION = YES;
				GCC_WARN_UNUSED_VARIABLE = YES;
				IPHONEOS_DEPLOYMENT_TARGET = 13.2;
				MTL_ENABLE_DEBUG_INFO = NO;
				MTL_FAST_MATH = YES;
				SDKROOT = iphoneos;
				SWIFT_COMPILATION_MODE = wholemodule;
				SWIFT_OPTIMIZATION_LEVEL = "-O";
				VALIDATE_PRODUCT = YES;
			};
			name = Release;
		};
		A27D7B3923AB5E26002BA9E4 /* Debug */ = {
			isa = XCBuildConfiguration;
			baseConfigurationReference = 394A231F5A5C416FB4653611 /* Pods-FirstSwiftProject.debug.xcconfig */;
			buildSettings = {
				ASSETCATALOG_COMPILER_APPICON_NAME = AppIcon;
				CLANG_ENABLE_MODULES = YES;
				CODE_SIGN_STYLE = Automatic;
				DEVELOPMENT_TEAM = K8ETH5Y5NB;
				INFOPLIST_FILE = FirstSwiftProject/Info.plist;
				IPHONEOS_DEPLOYMENT_TARGET = 10.0;
				LD_RUNPATH_SEARCH_PATHS = (
					"$(inherited)",
					"@executable_path/Frameworks",
				);
				PRODUCT_BUNDLE_IDENTIFIER = LS.FirstSwiftProject;
				PRODUCT_NAME = "$(TARGET_NAME)";
				SWIFT_OBJC_BRIDGING_HEADER = "FirstSwiftProject/FirstSwiftProject-Bridging-Header.h";
				SWIFT_OPTIMIZATION_LEVEL = "-Onone";
				SWIFT_VERSION = 5.0;
				TARGETED_DEVICE_FAMILY = "1,2";
			};
			name = Debug;
		};
		A27D7B3A23AB5E26002BA9E4 /* Release */ = {
			isa = XCBuildConfiguration;
			baseConfigurationReference = 3E42224E24A4626FD90E5562 /* Pods-FirstSwiftProject.release.xcconfig */;
			buildSettings = {
				ASSETCATALOG_COMPILER_APPICON_NAME = AppIcon;
				CLANG_ENABLE_MODULES = YES;
				CODE_SIGN_STYLE = Automatic;
				DEVELOPMENT_TEAM = K8ETH5Y5NB;
				INFOPLIST_FILE = FirstSwiftProject/Info.plist;
				IPHONEOS_DEPLOYMENT_TARGET = 10.0;
				LD_RUNPATH_SEARCH_PATHS = (
					"$(inherited)",
					"@executable_path/Frameworks",
				);
				PRODUCT_BUNDLE_IDENTIFIER = LS.FirstSwiftProject;
				PRODUCT_NAME = "$(TARGET_NAME)";
				SWIFT_OBJC_BRIDGING_HEADER = "FirstSwiftProject/FirstSwiftProject-Bridging-Header.h";
				SWIFT_VERSION = 5.0;
				TARGETED_DEVICE_FAMILY = "1,2";
			};
			name = Release;
		};
		A27D7B3C23AB5E26002BA9E4 /* Debug */ = {
			isa = XCBuildConfiguration;
			buildSettings = {
				ALWAYS_EMBED_SWIFT_STANDARD_LIBRARIES = YES;
				BUNDLE_LOADER = "$(TEST_HOST)";
				CODE_SIGN_STYLE = Automatic;
				DEVELOPMENT_TEAM = K8ETH5Y5NB;
				INFOPLIST_FILE = FirstSwiftProjectTests/Info.plist;
				IPHONEOS_DEPLOYMENT_TARGET = 13.2;
				LD_RUNPATH_SEARCH_PATHS = (
					"$(inherited)",
					"@executable_path/Frameworks",
					"@loader_path/Frameworks",
				);
				PRODUCT_BUNDLE_IDENTIFIER = LS.FirstSwiftProjectTests;
				PRODUCT_NAME = "$(TARGET_NAME)";
				SWIFT_VERSION = 5.0;
				TARGETED_DEVICE_FAMILY = "1,2";
				TEST_HOST = "$(BUILT_PRODUCTS_DIR)/FirstSwiftProject.app/FirstSwiftProject";
			};
			name = Debug;
		};
		A27D7B3D23AB5E26002BA9E4 /* Release */ = {
			isa = XCBuildConfiguration;
			buildSettings = {
				ALWAYS_EMBED_SWIFT_STANDARD_LIBRARIES = YES;
				BUNDLE_LOADER = "$(TEST_HOST)";
				CODE_SIGN_STYLE = Automatic;
				DEVELOPMENT_TEAM = K8ETH5Y5NB;
				INFOPLIST_FILE = FirstSwiftProjectTests/Info.plist;
				IPHONEOS_DEPLOYMENT_TARGET = 13.2;
				LD_RUNPATH_SEARCH_PATHS = (
					"$(inherited)",
					"@executable_path/Frameworks",
					"@loader_path/Frameworks",
				);
				PRODUCT_BUNDLE_IDENTIFIER = LS.FirstSwiftProjectTests;
				PRODUCT_NAME = "$(TARGET_NAME)";
				SWIFT_VERSION = 5.0;
				TARGETED_DEVICE_FAMILY = "1,2";
				TEST_HOST = "$(BUILT_PRODUCTS_DIR)/FirstSwiftProject.app/FirstSwiftProject";
			};
			name = Release;
		};
		A27D7B3F23AB5E26002BA9E4 /* Debug */ = {
			isa = XCBuildConfiguration;
			buildSettings = {
				ALWAYS_EMBED_SWIFT_STANDARD_LIBRARIES = YES;
				CODE_SIGN_STYLE = Automatic;
				DEVELOPMENT_TEAM = K8ETH5Y5NB;
				INFOPLIST_FILE = FirstSwiftProjectUITests/Info.plist;
				LD_RUNPATH_SEARCH_PATHS = (
					"$(inherited)",
					"@executable_path/Frameworks",
					"@loader_path/Frameworks",
				);
				PRODUCT_BUNDLE_IDENTIFIER = LS.FirstSwiftProjectUITests;
				PRODUCT_NAME = "$(TARGET_NAME)";
				SWIFT_VERSION = 5.0;
				TARGETED_DEVICE_FAMILY = "1,2";
				TEST_TARGET_NAME = FirstSwiftProject;
			};
			name = Debug;
		};
		A27D7B4023AB5E26002BA9E4 /* Release */ = {
			isa = XCBuildConfiguration;
			buildSettings = {
				ALWAYS_EMBED_SWIFT_STANDARD_LIBRARIES = YES;
				CODE_SIGN_STYLE = Automatic;
				DEVELOPMENT_TEAM = K8ETH5Y5NB;
				INFOPLIST_FILE = FirstSwiftProjectUITests/Info.plist;
				LD_RUNPATH_SEARCH_PATHS = (
					"$(inherited)",
					"@executable_path/Frameworks",
					"@loader_path/Frameworks",
				);
				PRODUCT_BUNDLE_IDENTIFIER = LS.FirstSwiftProjectUITests;
				PRODUCT_NAME = "$(TARGET_NAME)";
				SWIFT_VERSION = 5.0;
				TARGETED_DEVICE_FAMILY = "1,2";
				TEST_TARGET_NAME = FirstSwiftProject;
			};
			name = Release;
		};
/* End XCBuildConfiguration section */

/* Begin XCConfigurationList section */
		A27D7B0923AB5E15002BA9E4 /* Build configuration list for PBXProject "FirstSwiftProject" */ = {
			isa = XCConfigurationList;
			buildConfigurations = (
				A27D7B3623AB5E26002BA9E4 /* Debug */,
				A27D7B3723AB5E26002BA9E4 /* Release */,
			);
			defaultConfigurationIsVisible = 0;
			defaultConfigurationName = Release;
		};
		A27D7B3823AB5E26002BA9E4 /* Build configuration list for PBXNativeTarget "FirstSwiftProject" */ = {
			isa = XCConfigurationList;
			buildConfigurations = (
				A27D7B3923AB5E26002BA9E4 /* Debug */,
				A27D7B3A23AB5E26002BA9E4 /* Release */,
			);
			defaultConfigurationIsVisible = 0;
			defaultConfigurationName = Release;
		};
		A27D7B3B23AB5E26002BA9E4 /* Build configuration list for PBXNativeTarget "FirstSwiftProjectTests" */ = {
			isa = XCConfigurationList;
			buildConfigurations = (
				A27D7B3C23AB5E26002BA9E4 /* Debug */,
				A27D7B3D23AB5E26002BA9E4 /* Release */,
			);
			defaultConfigurationIsVisible = 0;
			defaultConfigurationName = Release;
		};
		A27D7B3E23AB5E26002BA9E4 /* Build configuration list for PBXNativeTarget "FirstSwiftProjectUITests" */ = {
			isa = XCConfigurationList;
			buildConfigurations = (
				A27D7B3F23AB5E26002BA9E4 /* Debug */,
				A27D7B4023AB5E26002BA9E4 /* Release */,
			);
			defaultConfigurationIsVisible = 0;
			defaultConfigurationName = Release;
		};
/* End XCConfigurationList section */
	};
	rootObject = A27D7B0623AB5E15002BA9E4 /* Project object */;
}
